[{<<"base64url">>,
  {git,"https://github.com/dvv/base64url",
       {ref,"f2c64ed8b9bebc536fad37ad97243452b674b837"}},
  0},
 {<<"certifi">>,{pkg,<<"certifi">>,<<"0.1.1">>},1},
 {<<"cowboy">>,
  {git,"https://github.com/ninenines/cowboy.git",
       {ref,"a6f75aa3dcf3de4638d3f454b17bece8ef213bb9"}},
  0},
 {<<"cowlib">>,
  {git,"git://github.com/ninenines/cowlib.git",
       {ref,"14e597baa42a436469f99661ed7994685e269dc2"}},
  1},
 {<<"edown">>,
  {git,"https://github.com/uwiger/edown",
       {ref,"c770057f72d2163c718b26e49c572aefe0798ca9"}},
  1},
 {<<"eunit_formatters">>,
  {git,"git://github.com/seancribbs/eunit_formatters",
       {ref,"35e3e6ab2db48af776a1a21bba6f1461c97caacb"}},
  1},
 {<<"eutils">>,
  {git,"https://github.com/emedia-project/eutils",
       {ref,"fe3f774df0d1b2e2f1e8620700b718ff8e92437c"}},
  1},
 {<<"hackney">>,
  {git,"git://github.com/benoitc/hackney.git",
       {ref,"2f6ca652f9a6c0b3cf14a4fd6d466e1fa12c0952"}},
  0},
 {<<"idna">>,{pkg,<<"idna">>,<<"1.0.2">>},1},
 {<<"jsx">>,
  {git,"https://github.com/talentdeficit/jsx",
       {ref,"3074d4865b3385a050badf7828ad31490d860df5"}},
  0},
 {<<"mimerl">>,{pkg,<<"mimerl">>,<<"1.0.0">>},1},
 {<<"ranch">>,
  {git,"git://github.com/ninenines/ranch.git",
       {ref,"adf1822defc2b7cfdc7aca112adabfa1d614043c"}},
  1},
 {<<"ssl_verify_hostname">>,{pkg,<<"ssl_verify_hostname">>,<<"1.0.5">>},1},
 {<<"sync">>,
  {git,"https://github.com/rustyio/sync",
       {ref,"9c78e7b4fe28c75d18ad6971585a204b96e47db1"}},
  0},
 {<<"tempfile">>,
  {git,"https://github.com/nexkap/tempfile.git",
       {ref,"242cbef542f5f9300a06b161e193ded9e1f1d701"}},
  0}].
