[{<<"base64url">>,
  {git,"https://github.com/dvv/base64url",
       {ref,"f2c64ed8b9bebc536fad37ad97243452b674b837"}},
  0},
 {<<"certifi">>,{pkg,<<"certifi">>,<<"0.1.1">>},1},
 {<<"hackney">>,
  {git,"git://github.com/benoitc/hackney.git",
       {ref,"2f6ca652f9a6c0b3cf14a4fd6d466e1fa12c0952"}},
  0},
 {<<"idna">>,{pkg,<<"idna">>,<<"1.0.2">>},1},
 {<<"jsx">>,
  {git,"https://github.com/talentdeficit/jsx",
       {ref,"3074d4865b3385a050badf7828ad31490d860df5"}},
  0},
 {<<"mimerl">>,{pkg,<<"mimerl">>,<<"1.0.0">>},1},
 {<<"ssl_verify_hostname">>,{pkg,<<"ssl_verify_hostname">>,<<"1.0.5">>},1},
 {<<"sync">>,
  {git,"https://github.com/rustyio/sync",
       {ref,"9c78e7b4fe28c75d18ad6971585a204b96e47db1"}},
  0}].
